// !$*UTF8*$!
{
	archiveVersion = 1;
	classes = {
	};
	objectVersion = 55;
	objects = {

/* Begin PBXBuildFile section */
		15A973BA2897A6E300A7DE9F /* AppDelegate.swift in Sources */ = {isa = PBXBuildFile; fileRef = 15A973B92897A6E300A7DE9F /* AppDelegate.swift */; };
		15A973BC2897A6E300A7DE9F /* SceneDelegate.swift in Sources */ = {isa = PBXBuildFile; fileRef = 15A973BB2897A6E300A7DE9F /* SceneDelegate.swift */; };
		15A973BE2897A6E300A7DE9F /* ViewController.swift in Sources */ = {isa = PBXBuildFile; fileRef = 15A973BD2897A6E300A7DE9F /* ViewController.swift */; };
		15A973C12897A6E300A7DE9F /* Main.storyboard in Resources */ = {isa = PBXBuildFile; fileRef = 15A973BF2897A6E300A7DE9F /* Main.storyboard */; };
		15A973C32897A6E500A7DE9F /* Assets.xcassets in Resources */ = {isa = PBXBuildFile; fileRef = 15A973C22897A6E500A7DE9F /* Assets.xcassets */; };
		15A973C62897A6E500A7DE9F /* LaunchScreen.storyboard in Resources */ = {isa = PBXBuildFile; fileRef = 15A973C42897A6E500A7DE9F /* LaunchScreen.storyboard */; };
		15A973D12897A6E500A7DE9F /* ConcurrencyTests.swift in Sources */ = {isa = PBXBuildFile; fileRef = 15A973D02897A6E500A7DE9F /* ConcurrencyTests.swift */; };
		15A973DB2897A6E500A7DE9F /* ConcurrencyUITests.swift in Sources */ = {isa = PBXBuildFile; fileRef = 15A973DA2897A6E500A7DE9F /* ConcurrencyUITests.swift */; };
		15A973DD2897A6E500A7DE9F /* ConcurrencyUITestsLaunchTests.swift in Sources */ = {isa = PBXBuildFile; fileRef = 15A973DC2897A6E500A7DE9F /* ConcurrencyUITestsLaunchTests.swift */; };
		15A973EB2897A82000A7DE9F /* Info.swift in Sources */ = {isa = PBXBuildFile; fileRef = 15A973EA2897A82000A7DE9F /* Info.swift */; };
		15A973EE2897A99300A7DE9F /* Data+Codable.swift in Sources */ = {isa = PBXBuildFile; fileRef = 15A973ED2897A99300A7DE9F /* Data+Codable.swift */; };
		15A973F02897B0C500A7DE9F /* Counter.swift in Sources */ = {isa = PBXBuildFile; fileRef = 15A973EF2897B0C500A7DE9F /* Counter.swift */; };
		15A973F22897B56400A7DE9F /* BankAccount.swift in Sources */ = {isa = PBXBuildFile; fileRef = 15A973F12897B56400A7DE9F /* BankAccount.swift */; };
/* End PBXBuildFile section */

/* Begin PBXContainerItemProxy section */
		15A973CD2897A6E500A7DE9F /* PBXContainerItemProxy */ = {
			isa = PBXContainerItemProxy;
			containerPortal = 15A973AE2897A6E300A7DE9F /* Project object */;
			proxyType = 1;
			remoteGlobalIDString = 15A973B52897A6E300A7DE9F;
			remoteInfo = Concurrency;
		};
		15A973D72897A6E500A7DE9F /* PBXContainerItemProxy */ = {
			isa = PBXContainerItemProxy;
			containerPortal = 15A973AE2897A6E300A7DE9F /* Project object */;
			proxyType = 1;
			remoteGlobalIDString = 15A973B52897A6E300A7DE9F;
			remoteInfo = Concurrency;
		};
/* End PBXContainerItemProxy section */

/* Begin PBXFileReference section */
		15A973B62897A6E300A7DE9F /* Concurrency.app */ = {isa = PBXFileReference; explicitFileType = wrapper.application; includeInIndex = 0; path = Concurrency.app; sourceTree = BUILT_PRODUCTS_DIR; };
		15A973B92897A6E300A7DE9F /* AppDelegate.swift */ = {isa = PBXFileReference; lastKnownFileType = sourcecode.swift; path = AppDelegate.swift; sourceTree = "<group>"; };
		15A973BB2897A6E300A7DE9F /* SceneDelegate.swift */ = {isa = PBXFileReference; lastKnownFileType = sourcecode.swift; path = SceneDelegate.swift; sourceTree = "<group>"; };
		15A973BD2897A6E300A7DE9F /* ViewController.swift */ = {isa = PBXFileReference; lastKnownFileType = sourcecode.swift; path = ViewController.swift; sourceTree = "<group>"; };
		15A973C02897A6E300A7DE9F /* Base */ = {isa = PBXFileReference; lastKnownFileType = file.storyboard; name = Base; path = Base.lproj/Main.storyboard; sourceTree = "<group>"; };
		15A973C22897A6E500A7DE9F /* Assets.xcassets */ = {isa = PBXFileReference; lastKnownFileType = folder.assetcatalog; path = Assets.xcassets; sourceTree = "<group>"; };
		15A973C52897A6E500A7DE9F /* Base */ = {isa = PBXFileReference; lastKnownFileType = file.storyboard; name = Base; path = Base.lproj/LaunchScreen.storyboard; sourceTree = "<group>"; };
		15A973C72897A6E500A7DE9F /* Info.plist */ = {isa = PBXFileReference; lastKnownFileType = text.plist.xml; path = Info.plist; sourceTree = "<group>"; };
		15A973CC2897A6E500A7DE9F /* ConcurrencyTests.xctest */ = {isa = PBXFileReference; explicitFileType = wrapper.cfbundle; includeInIndex = 0; path = ConcurrencyTests.xctest; sourceTree = BUILT_PRODUCTS_DIR; };
		15A973D02897A6E500A7DE9F /* ConcurrencyTests.swift */ = {isa = PBXFileReference; lastKnownFileType = sourcecode.swift; path = ConcurrencyTests.swift; sourceTree = "<group>"; };
		15A973D62897A6E500A7DE9F /* ConcurrencyUITests.xctest */ = {isa = PBXFileReference; explicitFileType = wrapper.cfbundle; includeInIndex = 0; path = ConcurrencyUITests.xctest; sourceTree = BUILT_PRODUCTS_DIR; };
		15A973DA2897A6E500A7DE9F /* ConcurrencyUITests.swift */ = {isa = PBXFileReference; lastKnownFileType = sourcecode.swift; path = ConcurrencyUITests.swift; sourceTree = "<group>"; };
		15A973DC2897A6E500A7DE9F /* ConcurrencyUITestsLaunchTests.swift */ = {isa = PBXFileReference; lastKnownFileType = sourcecode.swift; path = ConcurrencyUITestsLaunchTests.swift; sourceTree = "<group>"; };
		15A973EA2897A82000A7DE9F /* Info.swift */ = {isa = PBXFileReference; lastKnownFileType = sourcecode.swift; path = Info.swift; sourceTree = "<group>"; };
		15A973ED2897A99300A7DE9F /* Data+Codable.swift */ = {isa = PBXFileReference; lastKnownFileType = sourcecode.swift; path = "Data+Codable.swift"; sourceTree = "<group>"; };
		15A973EF2897B0C500A7DE9F /* Counter.swift */ = {isa = PBXFileReference; lastKnownFileType = sourcecode.swift; path = Counter.swift; sourceTree = "<group>"; };
		15A973F12897B56400A7DE9F /* BankAccount.swift */ = {isa = PBXFileReference; lastKnownFileType = sourcecode.swift; path = BankAccount.swift; sourceTree = "<group>"; };
/* End PBXFileReference section */

/* Begin PBXFrameworksBuildPhase section */
		15A973B32897A6E300A7DE9F /* Frameworks */ = {
			isa = PBXFrameworksBuildPhase;
			buildActionMask = 2147483647;
			files = (
			);
			runOnlyForDeploymentPostprocessing = 0;
		};
		15A973C92897A6E500A7DE9F /* Frameworks */ = {
			isa = PBXFrameworksBuildPhase;
			buildActionMask = 2147483647;
			files = (
			);
			runOnlyForDeploymentPostprocessing = 0;
		};
		15A973D32897A6E500A7DE9F /* Frameworks */ = {
			isa = PBXFrameworksBuildPhase;
			buildActionMask = 2147483647;
			files = (
			);
			runOnlyForDeploymentPostprocessing = 0;
		};
/* End PBXFrameworksBuildPhase section */

/* Begin PBXGroup section */
		15A973AD2897A6E300A7DE9F = {
			isa = PBXGroup;
			children = (
				15A973B82897A6E300A7DE9F /* Concurrency */,
				15A973CF2897A6E500A7DE9F /* ConcurrencyTests */,
				15A973D92897A6E500A7DE9F /* ConcurrencyUITests */,
				15A973B72897A6E300A7DE9F /* Products */,
			);
			sourceTree = "<group>";
		};
		15A973B72897A6E300A7DE9F /* Products */ = {
			isa = PBXGroup;
			children = (
				15A973B62897A6E300A7DE9F /* Concurrency.app */,
				15A973CC2897A6E500A7DE9F /* ConcurrencyTests.xctest */,
				15A973D62897A6E500A7DE9F /* ConcurrencyUITests.xctest */,
			);
			name = Products;
			sourceTree = "<group>";
		};
		15A973B82897A6E300A7DE9F /* Concurrency */ = {
			isa = PBXGroup;
			children = (
				15A973EC2897A98600A7DE9F /* Extensions */,
				15A973E92897A80200A7DE9F /* Model */,
				15A973B92897A6E300A7DE9F /* AppDelegate.swift */,
				15A973BB2897A6E300A7DE9F /* SceneDelegate.swift */,
				15A973BD2897A6E300A7DE9F /* ViewController.swift */,
				15A973BF2897A6E300A7DE9F /* Main.storyboard */,
				15A973C22897A6E500A7DE9F /* Assets.xcassets */,
				15A973C42897A6E500A7DE9F /* LaunchScreen.storyboard */,
				15A973C72897A6E500A7DE9F /* Info.plist */,
			);
			path = Concurrency;
			sourceTree = "<group>";
		};
		15A973CF2897A6E500A7DE9F /* ConcurrencyTests */ = {
			isa = PBXGroup;
			children = (
				15A973D02897A6E500A7DE9F /* ConcurrencyTests.swift */,
			);
			path = ConcurrencyTests;
			sourceTree = "<group>";
		};
		15A973D92897A6E500A7DE9F /* ConcurrencyUITests */ = {
			isa = PBXGroup;
			children = (
				15A973DA2897A6E500A7DE9F /* ConcurrencyUITests.swift */,
				15A973DC2897A6E500A7DE9F /* ConcurrencyUITestsLaunchTests.swift */,
			);
			path = ConcurrencyUITests;
			sourceTree = "<group>";
		};
		15A973E92897A80200A7DE9F /* Model */ = {
			isa = PBXGroup;
			children = (
				15A973EA2897A82000A7DE9F /* Info.swift */,
				15A973EF2897B0C500A7DE9F /* Counter.swift */,
				15A973F12897B56400A7DE9F /* BankAccount.swift */,
			);
			path = Model;
			sourceTree = "<group>";
		};
		15A973EC2897A98600A7DE9F /* Extensions */ = {
			isa = PBXGroup;
			children = (
				15A973ED2897A99300A7DE9F /* Data+Codable.swift */,
			);
			path = Extensions;
			sourceTree = "<group>";
		};
/* End PBXGroup section */

/* Begin PBXNativeTarget section */
		15A973B52897A6E300A7DE9F /* Concurrency */ = {
			isa = PBXNativeTarget;
			buildConfigurationList = 15A973E02897A6E500A7DE9F /* Build configuration list for PBXNativeTarget "Concurrency" */;
			buildPhases = (
				15A973B22897A6E300A7DE9F /* Sources */,
				15A973B32897A6E300A7DE9F /* Frameworks */,
				15A973B42897A6E300A7DE9F /* Resources */,
			);
			buildRules = (
			);
			dependencies = (
			);
			name = Concurrency;
			productName = Concurrency;
			productReference = 15A973B62897A6E300A7DE9F /* Concurrency.app */;
			productType = "com.apple.product-type.application";
		};
		15A973CB2897A6E500A7DE9F /* ConcurrencyTests */ = {
			isa = PBXNativeTarget;
			buildConfigurationList = 15A973E32897A6E500A7DE9F /* Build configuration list for PBXNativeTarget "ConcurrencyTests" */;
			buildPhases = (
				15A973C82897A6E500A7DE9F /* Sources */,
				15A973C92897A6E500A7DE9F /* Frameworks */,
				15A973CA2897A6E500A7DE9F /* Resources */,
			);
			buildRules = (
			);
			dependencies = (
				15A973CE2897A6E500A7DE9F /* PBXTargetDependency */,
			);
			name = ConcurrencyTests;
			productName = ConcurrencyTests;
			productReference = 15A973CC2897A6E500A7DE9F /* ConcurrencyTests.xctest */;
			productType = "com.apple.product-type.bundle.unit-test";
		};
		15A973D52897A6E500A7DE9F /* ConcurrencyUITests */ = {
			isa = PBXNativeTarget;
			buildConfigurationList = 15A973E62897A6E500A7DE9F /* Build configuration list for PBXNativeTarget "ConcurrencyUITests" */;
			buildPhases = (
				15A973D22897A6E500A7DE9F /* Sources */,
				15A973D32897A6E500A7DE9F /* Frameworks */,
				15A973D42897A6E500A7DE9F /* Resources */,
			);
			buildRules = (
			);
			dependencies = (
				15A973D82897A6E500A7DE9F /* PBXTargetDependency */,
			);
			name = ConcurrencyUITests;
			productName = ConcurrencyUITests;
			productReference = 15A973D62897A6E500A7DE9F /* ConcurrencyUITests.xctest */;
			productType = "com.apple.product-type.bundle.ui-testing";
		};
/* End PBXNativeTarget section */

/* Begin PBXProject section */
		15A973AE2897A6E300A7DE9F /* Project object */ = {
			isa = PBXProject;
			attributes = {
				BuildIndependentTargetsInParallel = 1;
				LastSwiftUpdateCheck = 1320;
				LastUpgradeCheck = 1320;
				TargetAttributes = {
					15A973B52897A6E300A7DE9F = {
						CreatedOnToolsVersion = 13.2.1;
					};
					15A973CB2897A6E500A7DE9F = {
						CreatedOnToolsVersion = 13.2.1;
						TestTargetID = 15A973B52897A6E300A7DE9F;
					};
					15A973D52897A6E500A7DE9F = {
						CreatedOnToolsVersion = 13.2.1;
						TestTargetID = 15A973B52897A6E300A7DE9F;
					};
				};
			};
			buildConfigurationList = 15A973B12897A6E300A7DE9F /* Build configuration list for PBXProject "Concurrency" */;
			compatibilityVersion = "Xcode 13.0";
			developmentRegion = en;
			hasScannedForEncodings = 0;
			knownRegions = (
				en,
				Base,
			);
			mainGroup = 15A973AD2897A6E300A7DE9F;
			productRefGroup = 15A973B72897A6E300A7DE9F /* Products */;
			projectDirPath = "";
			projectRoot = "";
			targets = (
				15A973B52897A6E300A7DE9F /* Concurrency */,
				15A973CB2897A6E500A7DE9F /* ConcurrencyTests */,
				15A973D52897A6E500A7DE9F /* ConcurrencyUITests */,
			);
		};
/* End PBXProject section */

/* Begin PBXResourcesBuildPhase section */
		15A973B42897A6E300A7DE9F /* Resources */ = {
			isa = PBXResourcesBuildPhase;
			buildActionMask = 2147483647;
			files = (
				15A973C62897A6E500A7DE9F /* LaunchScreen.storyboard in Resources */,
				15A973C32897A6E500A7DE9F /* Assets.xcassets in Resources */,
				15A973C12897A6E300A7DE9F /* Main.storyboard in Resources */,
			);
			runOnlyForDeploymentPostprocessing = 0;
		};
		15A973CA2897A6E500A7DE9F /* Resources */ = {
			isa = PBXResourcesBuildPhase;
			buildActionMask = 2147483647;
			files = (
			);
			runOnlyForDeploymentPostprocessing = 0;
		};
		15A973D42897A6E500A7DE9F /* Resources */ = {
			isa = PBXResourcesBuildPhase;
			buildActionMask = 2147483647;
			files = (
			);
			runOnlyForDeploymentPostprocessing = 0;
		};
/* End PBXResourcesBuildPhase section */

/* Begin PBXSourcesBuildPhase section */
		15A973B22897A6E300A7DE9F /* Sources */ = {
			isa = PBXSourcesBuildPhase;
			buildActionMask = 2147483647;
			files = (
				15A973EE2897A99300A7DE9F /* Data+Codable.swift in Sources */,
				15A973BE2897A6E300A7DE9F /* ViewController.swift in Sources */,
				15A973F02897B0C500A7DE9F /* Counter.swift in Sources */,
				15A973EB2897A82000A7DE9F /* Info.swift in Sources */,
				15A973BA2897A6E300A7DE9F /* AppDelegate.swift in Sources */,
				15A973F22897B56400A7DE9F /* BankAccount.swift in Sources */,
				15A973BC2897A6E300A7DE9F /* SceneDelegate.swift in Sources */,
			);
			runOnlyForDeploymentPostprocessing = 0;
		};
		15A973C82897A6E500A7DE9F /* Sources */ = {
			isa = PBXSourcesBuildPhase;
			buildActionMask = 2147483647;
			files = (
				15A973D12897A6E500A7DE9F /* ConcurrencyTests.swift in Sources */,
			);
			runOnlyForDeploymentPostprocessing = 0;
		};
		15A973D22897A6E500A7DE9F /* Sources */ = {
			isa = PBXSourcesBuildPhase;
			buildActionMask = 2147483647;
			files = (
				15A973DD2897A6E500A7DE9F /* ConcurrencyUITestsLaunchTests.swift in Sources */,
				15A973DB2897A6E500A7DE9F /* ConcurrencyUITests.swift in Sources */,
			);
			runOnlyForDeploymentPostprocessing = 0;
		};
/* End PBXSourcesBuildPhase section */

/* Begin PBXTargetDependency section */
		15A973CE2897A6E500A7DE9F /* PBXTargetDependency */ = {
			isa = PBXTargetDependency;
			target = 15A973B52897A6E300A7DE9F /* Concurrency */;
			targetProxy = 15A973CD2897A6E500A7DE9F /* PBXContainerItemProxy */;
		};
		15A973D82897A6E500A7DE9F /* PBXTargetDependency */ = {
			isa = PBXTargetDependency;
			target = 15A973B52897A6E300A7DE9F /* Concurrency */;
			targetProxy = 15A973D72897A6E500A7DE9F /* PBXContainerItemProxy */;
		};
/* End PBXTargetDependency section */

/* Begin PBXVariantGroup section */
		15A973BF2897A6E300A7DE9F /* Main.storyboard */ = {
			isa = PBXVariantGroup;
			children = (
				15A973C02897A6E300A7DE9F /* Base */,
			);
			name = Main.storyboard;
			sourceTree = "<group>";
		};
		15A973C42897A6E500A7DE9F /* LaunchScreen.storyboard */ = {
			isa = PBXVariantGroup;
			children = (
				15A973C52897A6E500A7DE9F /* Base */,
			);
			name = LaunchScreen.storyboard;
			sourceTree = "<group>";
		};
/* End PBXVariantGroup section */

/* Begin XCBuildConfiguration section */
		15A973DE2897A6E500A7DE9F /* Debug */ = {
			isa = XCBuildConfiguration;
			buildSettings = {
				ALWAYS_SEARCH_USER_PATHS = NO;
				CLANG_ANALYZER_NONNULL = YES;
				CLANG_ANALYZER_NUMBER_OBJECT_CONVERSION = YES_AGGRESSIVE;
				CLANG_CXX_LANGUAGE_STANDARD = "gnu++17";
				CLANG_CXX_LIBRARY = "libc++";
				CLANG_ENABLE_MODULES = YES;
				CLANG_ENABLE_OBJC_ARC = YES;
				CLANG_ENABLE_OBJC_WEAK = YES;
				CLANG_WARN_BLOCK_CAPTURE_AUTORELEASING = YES;
				CLANG_WARN_BOOL_CONVERSION = YES;
				CLANG_WARN_COMMA = YES;
				CLANG_WARN_CONSTANT_CONVERSION = YES;
				CLANG_WARN_DEPRECATED_OBJC_IMPLEMENTATIONS = YES;
				CLANG_WARN_DIRECT_OBJC_ISA_USAGE = YES_ERROR;
				CLANG_WARN_DOCUMENTATION_COMMENTS = YES;
				CLANG_WARN_EMPTY_BODY = YES;
				CLANG_WARN_ENUM_CONVERSION = YES;
				CLANG_WARN_INFINITE_RECURSION = YES;
				CLANG_WARN_INT_CONVERSION = YES;
				CLANG_WARN_NON_LITERAL_NULL_CONVERSION = YES;
				CLANG_WARN_OBJC_IMPLICIT_RETAIN_SELF = YES;
				CLANG_WARN_OBJC_LITERAL_CONVERSION = YES;
				CLANG_WARN_OBJC_ROOT_CLASS = YES_ERROR;
				CLANG_WARN_QUOTED_INCLUDE_IN_FRAMEWORK_HEADER = YES;
				CLANG_WARN_RANGE_LOOP_ANALYSIS = YES;
				CLANG_WARN_STRICT_PROTOTYPES = YES;
				CLANG_WARN_SUSPICIOUS_MOVE = YES;
				CLANG_WARN_UNGUARDED_AVAILABILITY = YES_AGGRESSIVE;
				CLANG_WARN_UNREACHABLE_CODE = YES;
				CLANG_WARN__DUPLICATE_METHOD_MATCH = YES;
				COPY_PHASE_STRIP = NO;
				DEBUG_INFORMATION_FORMAT = dwarf;
				ENABLE_STRICT_OBJC_MSGSEND = YES;
				ENABLE_TESTABILITY = YES;
				GCC_C_LANGUAGE_STANDARD = gnu11;
				GCC_DYNAMIC_NO_PIC = NO;
				GCC_NO_COMMON_BLOCKS = YES;
				GCC_OPTIMIZATION_LEVEL = 0;
				GCC_PREPROCESSOR_DEFINITIONS = (
					"DEBUG=1",
					"$(inherited)",
				);
				GCC_WARN_64_TO_32_BIT_CONVERSION = YES;
				GCC_WARN_ABOUT_RETURN_TYPE = YES_ERROR;
				GCC_WARN_UNDECLARED_SELECTOR = YES;
				GCC_WARN_UNINITIALIZED_AUTOS = YES_AGGRESSIVE;
				GCC_WARN_UNUSED_FUNCTION = YES;
				GCC_WARN_UNUSED_VARIABLE = YES;
				IPHONEOS_DEPLOYMENT_TARGET = 15.2;
				MTL_ENABLE_DEBUG_INFO = INCLUDE_SOURCE;
				MTL_FAST_MATH = YES;
				ONLY_ACTIVE_ARCH = YES;
				SDKROOT = iphoneos;
				SWIFT_ACTIVE_COMPILATION_CONDITIONS = DEBUG;
				SWIFT_OPTIMIZATION_LEVEL = "-Onone";
			};
			name = Debug;
		};
		15A973DF2897A6E500A7DE9F /* Release */ = {
			isa = XCBuildConfiguration;
			buildSettings = {
				ALWAYS_SEARCH_USER_PATHS = NO;
				CLANG_ANALYZER_NONNULL = YES;
				CLANG_ANALYZER_NUMBER_OBJECT_CONVERSION = YES_AGGRESSIVE;
				CLANG_CXX_LANGUAGE_STANDARD = "gnu++17";
				CLANG_CXX_LIBRARY = "libc++";
				CLANG_ENABLE_MODULES = YES;
				CLANG_ENABLE_OBJC_ARC = YES;
				CLANG_ENABLE_OBJC_WEAK = YES;
				CLANG_WARN_BLOCK_CAPTURE_AUTORELEASING = YES;
				CLANG_WARN_BOOL_CONVERSION = YES;
				CLANG_WARN_COMMA = YES;
				CLANG_WARN_CONSTANT_CONVERSION = YES;
				CLANG_WARN_DEPRECATED_OBJC_IMPLEMENTATIONS = YES;
				CLANG_WARN_DIRECT_OBJC_ISA_USAGE = YES_ERROR;
				CLANG_WARN_DOCUMENTATION_COMMENTS = YES;
				CLANG_WARN_EMPTY_BODY = YES;
				CLANG_WARN_ENUM_CONVERSION = YES;
				CLANG_WARN_INFINITE_RECURSION = YES;
				CLANG_WARN_INT_CONVERSION = YES;
				CLANG_WARN_NON_LITERAL_NULL_CONVERSION = YES;
				CLANG_WARN_OBJC_IMPLICIT_RETAIN_SELF = YES;
				CLANG_WARN_OBJC_LITERAL_CONVERSION = YES;
				CLANG_WARN_OBJC_ROOT_CLASS = YES_ERROR;
				CLANG_WARN_QUOTED_INCLUDE_IN_FRAMEWORK_HEADER = YES;
				CLANG_WARN_RANGE_LOOP_ANALYSIS = YES;
				CLANG_WARN_STRICT_PROTOTYPES = YES;
				CLANG_WARN_SUSPICIOUS_MOVE = YES;
				CLANG_WARN_UNGUARDED_AVAILABILITY = YES_AGGRESSIVE;
				CLANG_WARN_UNREACHABLE_CODE = YES;
				CLANG_WARN__DUPLICATE_METHOD_MATCH = YES;
				COPY_PHASE_STRIP = NO;
				DEBUG_INFORMATION_FORMAT = "dwarf-with-dsym";
				ENABLE_NS_ASSERTIONS = NO;
				ENABLE_STRICT_OBJC_MSGSEND = YES;
				GCC_C_LANGUAGE_STANDARD = gnu11;
				GCC_NO_COMMON_BLOCKS = YES;
				GCC_WARN_64_TO_32_BIT_CONVERSION = YES;
				GCC_WARN_ABOUT_RETURN_TYPE = YES_ERROR;
				GCC_WARN_UNDECLARED_SELECTOR = YES;
				GCC_WARN_UNINITIALIZED_AUTOS = YES_AGGRESSIVE;
				GCC_WARN_UNUSED_FUNCTION = YES;
				GCC_WARN_UNUSED_VARIABLE = YES;
				IPHONEOS_DEPLOYMENT_TARGET = 15.2;
				MTL_ENABLE_DEBUG_INFO = NO;
				MTL_FAST_MATH = YES;
				SDKROOT = iphoneos;
				SWIFT_COMPILATION_MODE = wholemodule;
				SWIFT_OPTIMIZATION_LEVEL = "-O";
				VALIDATE_PRODUCT = YES;
			};
			name = Release;
		};
		15A973E12897A6E500A7DE9F /* Debug */ = {
			isa = XCBuildConfiguration;
			buildSettings = {
				ASSETCATALOG_COMPILER_APPICON_NAME = AppIcon;
				ASSETCATALOG_COMPILER_GLOBAL_ACCENT_COLOR_NAME = AccentColor;
				CODE_SIGN_STYLE = Automatic;
				CURRENT_PROJECT_VERSION = 1;
				DEVELOPMENT_TEAM = T5Y35W5FL6;
				GENERATE_INFOPLIST_FILE = YES;
				INFOPLIST_FILE = Concurrency/Info.plist;
				INFOPLIST_KEY_UIApplicationSupportsIndirectInputEvents = YES;
				INFOPLIST_KEY_UILaunchStoryboardName = LaunchScreen;
				INFOPLIST_KEY_UIMainStoryboardFile = Main;
				INFOPLIST_KEY_UISupportedInterfaceOrientations_iPad = "UIInterfaceOrientationPortrait UIInterfaceOrientationPortraitUpsideDown UIInterfaceOrientationLandscapeLeft UIInterfaceOrientationLandscapeRight";
				INFOPLIST_KEY_UISupportedInterfaceOrientations_iPhone = "UIInterfaceOrientationPortrait UIInterfaceOrientationLandscapeLeft UIInterfaceOrientationLandscapeRight";
				LD_RUNPATH_SEARCH_PATHS = (
					"$(inherited)",
					"@executable_path/Frameworks",
				);
				MARKETING_VERSION = 1.0;
				PRODUCT_BUNDLE_IDENTIFIER = com.yong.Concurrency;
				PRODUCT_NAME = "$(TARGET_NAME)";
				SWIFT_EMIT_LOC_STRINGS = YES;
				SWIFT_VERSION = 5.0;
				TARGETED_DEVICE_FAMILY = "1,2";
			};
			name = Debug;
		};
		15A973E22897A6E500A7DE9F /* Release */ = {
			isa = XCBuildConfiguration;
			buildSettings = {
				ASSETCATALOG_COMPILER_APPICON_NAME = AppIcon;
				ASSETCATALOG_COMPILER_GLOBAL_ACCENT_COLOR_NAME = AccentColor;
				CODE_SIGN_STYLE = Automatic;
				CURRENT_PROJECT_VERSION = 1;
				DEVELOPMENT_TEAM = T5Y35W5FL6;
				GENERATE_INFOPLIST_FILE = YES;
				INFOPLIST_FILE = Concurrency/Info.plist;
				INFOPLIST_KEY_UIApplicationSupportsIndirectInputEvents = YES;
				INFOPLIST_KEY_UILaunchStoryboardName = LaunchScreen;
				INFOPLIST_KEY_UIMainStoryboardFile = Main;
				INFOPLIST_KEY_UISupportedInterfaceOrientations_iPad = "UIInterfaceOrientationPortrait UIInterfaceOrientationPortraitUpsideDown UIInterfaceOrientationLandscapeLeft UIInterfaceOrientationLandscapeRight";
				INFOPLIST_KEY_UISupportedInterfaceOrientations_iPhone = "UIInterfaceOrientationPortrait UIInterfaceOrientationLandscapeLeft UIInterfaceOrientationLandscapeRight";
				LD_RUNPATH_SEARCH_PATHS = (
					"$(inherited)",
					"@executable_path/Frameworks",
				);
				MARKETING_VERSION = 1.0;
				PRODUCT_BUNDLE_IDENTIFIER = com.yong.Concurrency;
				PRODUCT_NAME = "$(TARGET_NAME)";
				SWIFT_EMIT_LOC_STRINGS = YES;
				SWIFT_VERSION = 5.0;
				TARGETED_DEVICE_FAMILY = "1,2";
			};
			name = Release;
		};
		15A973E42897A6E500A7DE9F /* Debug */ = {
			isa = XCBuildConfiguration;
			buildSettings = {
				ALWAYS_EMBED_SWIFT_STANDARD_LIBRARIES = YES;
				BUNDLE_LOADER = "$(TEST_HOST)";
				CODE_SIGN_STYLE = Automatic;
				CURRENT_PROJECT_VERSION = 1;
				DEVELOPMENT_TEAM = T5Y35W5FL6;
				GENERATE_INFOPLIST_FILE = YES;
				IPHONEOS_DEPLOYMENT_TARGET = 15.2;
				MARKETING_VERSION = 1.0;
				PRODUCT_BUNDLE_IDENTIFIER = com.yong.ConcurrencyTests;
				PRODUCT_NAME = "$(TARGET_NAME)";
				SWIFT_EMIT_LOC_STRINGS = NO;
				SWIFT_VERSION = 5.0;
				TARGETED_DEVICE_FAMILY = "1,2";
				TEST_HOST = "$(BUILT_PRODUCTS_DIR)/Concurrency.app/Concurrency";
			};
			name = Debug;
		};
		15A973E52897A6E500A7DE9F /* Release */ = {
			isa = XCBuildConfiguration;
			buildSettings = {
				ALWAYS_EMBED_SWIFT_STANDARD_LIBRARIES = YES;
				BUNDLE_LOADER = "$(TEST_HOST)";
				CODE_SIGN_STYLE = Automatic;
				CURRENT_PROJECT_VERSION = 1;
				DEVELOPMENT_TEAM = T5Y35W5FL6;
				GENERATE_INFOPLIST_FILE = YES;
				IPHONEOS_DEPLOYMENT_TARGET = 15.2;
				MARKETING_VERSION = 1.0;
				PRODUCT_BUNDLE_IDENTIFIER = com.yong.ConcurrencyTests;
				PRODUCT_NAME = "$(TARGET_NAME)";
				SWIFT_EMIT_LOC_STRINGS = NO;
				SWIFT_VERSION = 5.0;
				TARGETED_DEVICE_FAMILY = "1,2";
				TEST_HOST = "$(BUILT_PRODUCTS_DIR)/Concurrency.app/Concurrency";
			};
			name = Release;
		};
		15A973E72897A6E500A7DE9F /* Debug */ = {
			isa = XCBuildConfiguration;
			buildSettings = {
				ALWAYS_EMBED_SWIFT_STANDARD_LIBRARIES = YES;
				CODE_SIGN_STYLE = Automatic;
				CURRENT_PROJECT_VERSION = 1;
				DEVELOPMENT_TEAM = T5Y35W5FL6;
				GENERATE_INFOPLIST_FILE = YES;
				MARKETING_VERSION = 1.0;
				PRODUCT_BUNDLE_IDENTIFIER = com.yong.ConcurrencyUITests;
				PRODUCT_NAME = "$(TARGET_NAME)";
				SWIFT_EMIT_LOC_STRINGS = NO;
				SWIFT_VERSION = 5.0;
				TARGETED_DEVICE_FAMILY = "1,2";
				TEST_TARGET_NAME = Concurrency;
			};
			name = Debug;
		};
		15A973E82897A6E500A7DE9F /* Release */ = {
			isa = XCBuildConfiguration;
			buildSettings = {
				ALWAYS_EMBED_SWIFT_STANDARD_LIBRARIES = YES;
				CODE_SIGN_STYLE = Automatic;
				CURRENT_PROJECT_VERSION = 1;
				DEVELOPMENT_TEAM = T5Y35W5FL6;
				GENERATE_INFOPLIST_FILE = YES;
				MARKETING_VERSION = 1.0;
				PRODUCT_BUNDLE_IDENTIFIER = com.yong.ConcurrencyUITests;
				PRODUCT_NAME = "$(TARGET_NAME)";
				SWIFT_EMIT_LOC_STRINGS = NO;
				SWIFT_VERSION = 5.0;
				TARGETED_DEVICE_FAMILY = "1,2";
				TEST_TARGET_NAME = Concurrency;
			};
			name = Release;
		};
/* End XCBuildConfiguration section */

/* Begin XCConfigurationList section */
		15A973B12897A6E300A7DE9F /* Build configuration list for PBXProject "Concurrency" */ = {
			isa = XCConfigurationList;
			buildConfigurations = (
				15A973DE2897A6E500A7DE9F /* Debug */,
				15A973DF2897A6E500A7DE9F /* Release */,
			);
			defaultConfigurationIsVisible = 0;
			defaultConfigurationName = Release;
		};
		15A973E02897A6E500A7DE9F /* Build configuration list for PBXNativeTarget "Concurrency" */ = {
			isa = XCConfigurationList;
			buildConfigurations = (
				15A973E12897A6E500A7DE9F /* Debug */,
				15A973E22897A6E500A7DE9F /* Release */,
			);
			defaultConfigurationIsVisible = 0;
			defaultConfigurationName = Release;
		};
		15A973E32897A6E500A7DE9F /* Build configuration list for PBXNativeTarget "ConcurrencyTests" */ = {
			isa = XCConfigurationList;
			buildConfigurations = (
				15A973E42897A6E500A7DE9F /* Debug */,
				15A973E52897A6E500A7DE9F /* Release */,
			);
			defaultConfigurationIsVisible = 0;
			defaultConfigurationName = Release;
		};
		15A973E62897A6E500A7DE9F /* Build configuration list for PBXNativeTarget "ConcurrencyUITests" */ = {
			isa = XCConfigurationList;
			buildConfigurations = (
				15A973E72897A6E500A7DE9F /* Debug */,
				15A973E82897A6E500A7DE9F /* Release */,
			);
			defaultConfigurationIsVisible = 0;
			defaultConfigurationName = Release;
		};
/* End XCConfigurationList section */
	};
	rootObject = 15A973AE2897A6E300A7DE9F /* Project object */;
}
